{
    "version": 3,
    "terraform_version": "0.11.8",
    "serial": 2,
    "lineage": "081ca21c-d295-8249-4da5-61d3df805d24",
    "modules": [
        {
            "path": [
                "root"
            ],
            "outputs": {},
            "resources": {
                "azurerm_resource_group.MTSCloud": {
                    "type": "azurerm_resource_group",
                    "depends_on": [],
                    "primary": {
                        "id": "/subscriptions/07f55ef5-e27b-42ca-9771-f2705b08acd1/resourceGroups/WATP",
                        "attributes": {
                            "id": "/subscriptions/07f55ef5-e27b-42ca-9771-f2705b08acd1/resourceGroups/WATP",
                            "location": "canadaeast",
                            "name": "WATP",
                            "tags.%": "0"
                        },
                        "meta": {},
                        "tainted": false
                    },
                    "deposed": [],
                    "provider": "provider.azurerm"
                }
            },
            "depends_on": []
        },
        {
            "path": [
                "root",
                "aks"
            ],
            "outputs": {},
            "resources": {
                "azurerm_resource_group.aks": {
                    "type": "azurerm_resource_group",
                    "depends_on": [],
                    "primary": {
                        "id": "/subscriptions/07f55ef5-e27b-42ca-9771-f2705b08acd1/resourceGroups/WATP",
                        "attributes": {
                            "id": "/subscriptions/07f55ef5-e27b-42ca-9771-f2705b08acd1/resourceGroups/WATP",
                            "location": "canadaeast",
                            "name": "WATP",
                            "tags.%": "0"
                        },
                        "meta": {},
                        "tainted": false
                    },
                    "deposed": [],
                    "provider": "module.aks.provider.azurerm"
                }
            },
            "depends_on": []
        },
        {
            "path": [
                "root",
                "sp"
            ],
            "outputs": {
                "client_id": {
                    "sensitive": false,
                    "type": "string",
                    "value": "9a682193-bdc2-4bdf-b35c-fcba5b061210"
                },
                "client_secret": {
                    "sensitive": true,
                    "type": "string",
                    "value": "#k@V\u0026aI(V(iF:2h}"
                },
                "sp_id": {
                    "sensitive": false,
                    "type": "string",
                    "value": "52240b19-5d3e-4f61-91a0-aa0c985457db"
                }
            },
            "resources": {
                "azurerm_azuread_application.aks_app": {
                    "type": "azurerm_azuread_application",
                    "depends_on": [],
                    "primary": {
                        "id": "0af648f4-f4b3-4e42-b15f-ffb9e08151c9",
                        "attributes": {
                            "application_id": "9a682193-bdc2-4bdf-b35c-fcba5b061210",
                            "available_to_other_tenants": "false",
                            "homepage": "https://WATP-sp",
                            "id": "0af648f4-f4b3-4e42-b15f-ffb9e08151c9",
                            "identifier_uris.#": "0",
                            "name": "WATP-sp",
                            "oauth2_allow_implicit_flow": "false",
                            "reply_urls.#": "0"
                        },
                        "meta": {},
                        "tainted": false
                    },
                    "deposed": [],
                    "provider": "provider.azurerm"
                },
                "azurerm_azuread_service_principal.aks_sp": {
                    "type": "azurerm_azuread_service_principal",
                    "depends_on": [
                        "azurerm_azuread_application.aks_app"
                    ],
                    "primary": {
                        "id": "52240b19-5d3e-4f61-91a0-aa0c985457db",
                        "attributes": {
                            "application_id": "9a682193-bdc2-4bdf-b35c-fcba5b061210",
                            "display_name": "WATP-sp",
                            "id": "52240b19-5d3e-4f61-91a0-aa0c985457db"
                        },
                        "meta": {},
                        "tainted": false
                    },
                    "deposed": [],
                    "provider": "provider.azurerm"
                },
                "azurerm_azuread_service_principal_password.aks_sp_password": {
                    "type": "azurerm_azuread_service_principal_password",
                    "depends_on": [
                        "azurerm_azuread_service_principal.aks_sp",
                        "random_string.aks_sp_password"
                    ],
                    "primary": {
                        "id": "52240b19-5d3e-4f61-91a0-aa0c985457db/f4fd30d8-390a-a65b-ef7d-ce3bd8f982fb",
                        "attributes": {
                            "end_date": "2020-05-05T22:55:38Z",
                            "id": "52240b19-5d3e-4f61-91a0-aa0c985457db/f4fd30d8-390a-a65b-ef7d-ce3bd8f982fb",
                            "key_id": "f4fd30d8-390a-a65b-ef7d-ce3bd8f982fb",
                            "service_principal_id": "52240b19-5d3e-4f61-91a0-aa0c985457db",
                            "start_date": "2019-05-06T22:55:38Z",
                            "value": "#k@V\u0026aI(V(iF:2h}"
                        },
                        "meta": {},
                        "tainted": false
                    },
                    "deposed": [],
                    "provider": "provider.azurerm"
                },
                "random_string.aks_sp_password": {
                    "type": "random_string",
                    "depends_on": [
                        "azurerm_azuread_service_principal.aks_sp"
                    ],
                    "primary": {
                        "id": "none",
                        "attributes": {
                            "id": "none",
                            "keepers.%": "1",
                            "keepers.service_principal": "52240b19-5d3e-4f61-91a0-aa0c985457db",
                            "length": "16",
                            "lower": "true",
                            "min_lower": "0",
                            "min_numeric": "0",
                            "min_special": "0",
                            "min_upper": "0",
                            "number": "true",
                            "result": "#k@V\u0026aI(V(iF:2h}",
                            "special": "true",
                            "upper": "true"
                        },
                        "meta": {
                            "schema_version": "1"
                        },
                        "tainted": false
                    },
                    "deposed": [],
                    "provider": "provider.random"
                }
            },
            "depends_on": []
        }
    ]
}
